{
  "nodes": {
    "home-manager": {
      "inputs": {
        "nixpkgs": [
          "zen-browser",
          "nixpkgs"
        ]
      },
      "locked": {
        "lastModified": 1772330611,
        "narHash": "sha256-UZjPc/d5XRxvjDbk4veAO4XFdvx6BUum2l40V688Xq8=",
        "owner": "nix-community",
        "repo": "home-manager",
        "rev": "58fd7ff0eec2cda43e705c4c0585729ec471d400",
        "type": "github"
      },
      "original": {
        "owner": "nix-community",
        "repo": "home-manager",
        "type": "github"
      }
    },
    "llama-cpp": {
      "flake": false,
      "locked": {
        "lastModified": 1767558136,
        "narHash": "sha256-BLn/k2TYex2mHt4SB86s014P9KWU6+iXeIXHboCCV9Q=",
        "owner": "aagit",
        "repo": "llama.cpp",
        "rev": "d3dce4e0a5f2fd497a312a3152f2eab939f0d519",
        "type": "github"
      },
      "original": {
        "owner": "aagit",
        "repo": "llama.cpp",
        "type": "github"
      }
    },
    "matugen": {
      "inputs": {
        "nixpkgs": "nixpkgs",
        "systems": "systems"
      },
      "locked": {
        "lastModified": 1771773001,
        "narHash": "sha256-6b1p9DhnTmfHp/woOLV0rGpMi00/DkR0mWwlpWtYdmQ=",
        "owner": "InioX",
        "repo": "Matugen",
        "rev": "322cd48ca83d0fc0a983dac63054cc443db9c2d4",
        "type": "github"
      },
      "original": {
        "owner": "InioX",
        "repo": "Matugen",
        "type": "github"
      }
    },
    "nixpkgs": {
      "locked": {
        "lastModified": 1771369470,
        "narHash": "sha256-0NBlEBKkN3lufyvFegY4TYv5mCNHbi5OmBDrzihbBMQ=",
        "owner": "nixos",
        "repo": "nixpkgs",
        "rev": "0182a361324364ae3f436a63005877674cf45efb",
        "type": "github"
      },
      "original": {
        "owner": "nixos",
        "ref": "nixos-unstable",
        "repo": "nixpkgs",
        "type": "github"
      }
    },
    "nixpkgs_2": {
      "locked": {
        "lastModified": 1772198003,
        "narHash": "sha256-I45esRSssFtJ8p/gLHUZ1OUaaTaVLluNkABkk6arQwE=",
        "owner": "nixos",
        "repo": "nixpkgs",
        "rev": "dd9b079222d43e1943b6ebd802f04fd959dc8e61",
        "type": "github"
      },
      "original": {
        "owner": "nixos",
        "ref": "nixos-unstable",
        "repo": "nixpkgs",
        "type": "github"
      }
    },
    "root": {
      "inputs": {
        "llama-cpp": "llama-cpp",
        "matugen": "matugen",
        "nixpkgs": "nixpkgs_2",
        "silentSDDM": "silentSDDM",
        "zen-browser": "zen-browser"
      }
    },
    "silentSDDM": {
      "inputs": {
        "nixpkgs": [
          "nixpkgs"
        ]
      },
      "locked": {
        "lastModified": 1771956684,
        "narHash": "sha256-+EtzmEzGA2xqwIvKrP0euYaOzrmTQWEWAiWV+k2WBEM=",
        "owner": "uiriansan",
        "repo": "SilentSDDM",
        "rev": "34f82e1fb8412fff78b82a0dcce763492b36054c",
        "type": "github"
      },
      "original": {
        "owner": "uiriansan",
        "repo": "SilentSDDM",
        "type": "github"
      }
    },
    "systems": {
      "locked": {
        "lastModified": 1689347949,
        "narHash": "sha256-12tWmuL2zgBgZkdoB6qXZsgJEH9LR3oUgpaQq2RbI80=",
        "owner": "nix-systems",
        "repo": "default-linux",
        "rev": "31732fcf5e8fea42e59c2488ad31a0e651500f68",
        "type": "github"
      },
      "original": {
        "owner": "nix-systems",
        "repo": "default-linux",
        "type": "github"
      }
    },
    "zen-browser": {
      "inputs": {
        "home-manager": "home-manager",
        "nixpkgs": [
          "nixpkgs"
        ]
      },
      "locked": {
        "lastModified": 1772332855,
        "narHash": "sha256-LPNnG/TXua9dSal3Ka+Rj0s34gbkJ4/AhxWBzn87j0E=",
        "owner": "0xc000022070",
        "repo": "zen-browser-flake",
        "rev": "04e0729057ea01c3336f4751290a20f4ec564727",
        "type": "github"
      },
      "original": {
        "owner": "0xc000022070",
        "repo": "zen-browser-flake",
        "type": "github"
      }
    }
  },
  "root": "root",
  "version": 7
}
